schema: '2.0'
stages:
  train:
    cmd: python main.py 10 32 1 data/train/ben.npy data/train/mal.npy
    deps:
    - path: data/train/ben.npy
      hash: md5
      md5: 07dca973a84263d062907e19dc8031b7
      size: 1434489392
    - path: data/train/mal.npy
      hash: md5
      md5: 3b53f4382adf6b9b3122c284df107703
      size: 1434489392
    params:
      params.yaml:
        train.Z: 10
        train.batch_size: 32
        train.benign: data/train/ben.npy
        train.malware: data/train/mal.npy
        train.num_epochs: 1
    outs:
    - path: dynamic.yaml
      hash: md5
      md5: 25cad90a2614a1e8ba9f069332625cad
      size: 47
  MCA:
    cmd: python mca.py
    deps:
    - path: data/train/ben.npy
      hash: md5
      md5: 07dca973a84263d062907e19dc8031b7
      size: 1434489392
    - path: data/train/mal.npy
      hash: md5
      md5: 3b53f4382adf6b9b3122c284df107703
      size: 1434489392
    - path: dynamic.yaml
      hash: md5
      md5: 25cad90a2614a1e8ba9f069332625cad
      size: 47
    params:
      params.yaml:
        train.mca: data/MCA.csv
      dynamic.yaml:
        malgan.id: 984c6217d8cb4da6bd79ff089cca7355
    outs:
    - path: data/MCA.csv
      hash: md5
      md5: 7f675faffb4ed0bd8d61e61792fb8d29
      size: 76627
  split:
    cmd: python scripts/split.py
    deps:
    - path: data/raw/sleipnir/benign
      hash: md5
      md5: a94ca5d3a46622b553d9d35ef8f18f0a.dir
      size: 4037404256
      nfiles: 19696
    - path: data/raw/sleipnir/malicious
      hash: md5
      md5: c7057fcf38ebd7dc19f47bd8aef0a360.dir
      size: 7173280084
      nfiles: 34994
    params:
      params.yaml:
        split.benign_dir: data/raw/sleipnir/benign
        split.malware_dir: data/raw/sleipnir/malicious
        split.random_state: 42
        split.test_size: 0.2
    outs:
    - path: data/train/ben.npy
      hash: md5
      md5: 50dfc319c1323bfd44d5a373cd36279c
      size: 728480
    - path: data/train/mal.npy
      hash: md5
      md5: 0e76098d69ad00a4201d59cc805f8a5a
      size: 728480
    - path: data/valid/ben.npy
      hash: md5
      md5: b4590c16631cd5896f65e01f39dd5e2f
      size: 182216
    - path: data/valid/mal.npy
      hash: md5
      md5: 11588f9f9093f9e1d969bf82822afbd3
      size: 182216
  train_malgan:
    cmd: python main.py 10 32 1 data/train/ben.npy data/train/mal.npy
    deps:
    - path: data/train/ben.npy
      hash: md5
      md5: 07dca973a84263d062907e19dc8031b7
      size: 1434489392
    - path: data/train/mal.npy
      hash: md5
      md5: 3b53f4382adf6b9b3122c284df107703
      size: 1434489392
    params:
      params.yaml:
        train.Z: 10
        train.batch_size: 32
        train.benign: data/train/ben.npy
        train.malware: data/train/mal.npy
        train.num_epochs: 1
    outs:
    - path: dynamic.yaml
      hash: md5
      md5: 3ed3941577c459e896e5a91b5db000fb
      size: 50
  train_mca:
    cmd: python mca.py
    deps:
    - path: data/train/ben.npy
      hash: md5
      md5: 50dfc319c1323bfd44d5a373cd36279c
      size: 728480
    - path: data/train/mal.npy
      hash: md5
      md5: 0e76098d69ad00a4201d59cc805f8a5a
      size: 728480
    - path: dynamic.yaml
      hash: md5
      md5: 3ed3941577c459e896e5a91b5db000fb
      size: 50
    params:
      params.yaml:
        train.mca: data/MCA.csv
      dynamic.yaml:
        experiment.id: 1554c8a5c3eb4c28a0ef268c56b39432
    outs:
    - path: data/MCA.csv
      hash: md5
      md5: c81bae5f8b2e17c64011975e75d8d4f4
      size: 743
  train_mca_classifier:
    cmd: python mca_classifier.py
    deps:
    - path: dynamic.yaml
      hash: md5
      md5: 3ed3941577c459e896e5a91b5db000fb
      size: 50
    params:
      params.yaml:
        train.estimators: 500
        train.mca: data/MCA.csv
      dynamic.yaml:
        experiment.id: 1554c8a5c3eb4c28a0ef268c56b39432
